
Microsoft Visual Studio Solution File, Format Version 12.00
# Visual Studio Version 16
VisualStudioVersion = 16.0.30011.22
MinimumVisualStudioVersion = 10.0.40219.1
Project("{9A19103F-16F7-4668-BE54-9A1E7A4F7556}") = "GisRoutes", "GisRoutes\GisRoutes.csproj", "{E20433B8-19CE-4B11-A196-DF1E1D6F8AEF}"
EndProject
Project("{9A19103F-16F7-4668-BE54-9A1E7A4F7556}") = "Models", "Models\Models.csproj", "{D9B94989-38F6-4689-8F26-1904389867BD}"
EndProject
Project("{9A19103F-16F7-4668-BE54-9A1E7A4F7556}") = "Repository", "Repository\Repository.csproj", "{78C78718-F6DA-47AA-8430-C47C3FDF7390}"
EndProject
Project("{9A19103F-16F7-4668-BE54-9A1E7A4F7556}") = "Assets", "Assets\Assets.csproj", "{B763D0E8-D389-4AC8-B673-BE758773AF0E}"
EndProject
Project("{FAE04EC0-301F-11D3-BF4B-00C04F79EFBC}") = "BussinesLogic", "BussinesLogic\BussinesLogic.csproj", "{35C8742F-355D-4481-AAFC-F441811CB2E8}"
EndProject
Global
	GlobalSection(SolutionConfigurationPlatforms) = preSolution
		Debug|Any CPU = Debug|Any CPU
		Release|Any CPU = Release|Any CPU
	EndGlobalSection
	GlobalSection(ProjectConfigurationPlatforms) = postSolution
		{E20433B8-19CE-4B11-A196-DF1E1D6F8AEF}.Debug|Any CPU.ActiveCfg = Debug|Any CPU
		{E20433B8-19CE-4B11-A196-DF1E1D6F8AEF}.Debug|Any CPU.Build.0 = Debug|Any CPU
		{E20433B8-19CE-4B11-A196-DF1E1D6F8AEF}.Release|Any CPU.ActiveCfg = Release|Any CPU
		{E20433B8-19CE-4B11-A196-DF1E1D6F8AEF}.Release|Any CPU.Build.0 = Release|Any CPU
		{D9B94989-38F6-4689-8F26-1904389867BD}.Debug|Any CPU.ActiveCfg = Debug|Any CPU
		{D9B94989-38F6-4689-8F26-1904389867BD}.Debug|Any CPU.Build.0 = Debug|Any CPU
		{D9B94989-38F6-4689-8F26-1904389867BD}.Release|Any CPU.ActiveCfg = Release|Any CPU
		{D9B94989-38F6-4689-8F26-1904389867BD}.Release|Any CPU.Build.0 = Release|Any CPU
		{78C78718-F6DA-47AA-8430-C47C3FDF7390}.Debug|Any CPU.ActiveCfg = Debug|Any CPU
		{78C78718-F6DA-47AA-8430-C47C3FDF7390}.Debug|Any CPU.Build.0 = Debug|Any CPU
		{78C78718-F6DA-47AA-8430-C47C3FDF7390}.Release|Any CPU.ActiveCfg = Release|Any CPU
		{78C78718-F6DA-47AA-8430-C47C3FDF7390}.Release|Any CPU.Build.0 = Release|Any CPU
		{B763D0E8-D389-4AC8-B673-BE758773AF0E}.Debug|Any CPU.ActiveCfg = Debug|Any CPU
		{B763D0E8-D389-4AC8-B673-BE758773AF0E}.Debug|Any CPU.Build.0 = Debug|Any CPU
		{B763D0E8-D389-4AC8-B673-BE758773AF0E}.Release|Any CPU.ActiveCfg = Release|Any CPU
		{B763D0E8-D389-4AC8-B673-BE758773AF0E}.Release|Any CPU.Build.0 = Release|Any CPU
		{35C8742F-355D-4481-AAFC-F441811CB2E8}.Debug|Any CPU.ActiveCfg = Debug|Any CPU
		{35C8742F-355D-4481-AAFC-F441811CB2E8}.Debug|Any CPU.Build.0 = Debug|Any CPU
		{35C8742F-355D-4481-AAFC-F441811CB2E8}.Release|Any CPU.ActiveCfg = Release|Any CPU
		{35C8742F-355D-4481-AAFC-F441811CB2E8}.Release|Any CPU.Build.0 = Release|Any CPU
	EndGlobalSection
	GlobalSection(SolutionProperties) = preSolution
		HideSolutionNode = FALSE
	EndGlobalSection
	GlobalSection(ExtensibilityGlobals) = postSolution
		SolutionGuid = {2896F723-CA06-43AB-9E18-37142E1A08C2}
	EndGlobalSection
EndGlobal
